
Microsoft Visual Studio Solution File, Format Version 12.00
# Visual Studio Version 16
VisualStudioVersion = 16.0.30611.23
MinimumVisualStudioVersion = 10.0.40219.1
Project("{9A19103F-16F7-4668-BE54-9A1E7A4F7556}") = "MQTTSniffer", "src\MQTTSniffer.csproj", "{A775AA08-2FDA-49F1-9116-557FCDDF556B}"
EndProject
Project("{9A19103F-16F7-4668-BE54-9A1E7A4F7556}") = "MQTTSniffer.Common", "common\src\MQTTSniffer.Common.csproj", "{091ED216-1C2B-449C-B2E2-F55A55B1CA51}"
EndProject
Global
	GlobalSection(SolutionConfigurationPlatforms) = preSolution
		Debug|Any CPU = Debug|Any CPU
		Release|Any CPU = Release|Any CPU
	EndGlobalSection
	GlobalSection(ProjectConfigurationPlatforms) = postSolution
		{A775AA08-2FDA-49F1-9116-557FCDDF556B}.Debug|Any CPU.ActiveCfg = Debug|Any CPU
		{A775AA08-2FDA-49F1-9116-557FCDDF556B}.Debug|Any CPU.Build.0 = Debug|Any CPU
		{A775AA08-2FDA-49F1-9116-557FCDDF556B}.Release|Any CPU.ActiveCfg = Release|Any CPU
		{A775AA08-2FDA-49F1-9116-557FCDDF556B}.Release|Any CPU.Build.0 = Release|Any CPU
		{091ED216-1C2B-449C-B2E2-F55A55B1CA51}.Debug|Any CPU.ActiveCfg = Debug|Any CPU
		{091ED216-1C2B-449C-B2E2-F55A55B1CA51}.Debug|Any CPU.Build.0 = Debug|Any CPU
		{091ED216-1C2B-449C-B2E2-F55A55B1CA51}.Release|Any CPU.ActiveCfg = Release|Any CPU
		{091ED216-1C2B-449C-B2E2-F55A55B1CA51}.Release|Any CPU.Build.0 = Release|Any CPU
	EndGlobalSection
	GlobalSection(SolutionProperties) = preSolution
		HideSolutionNode = FALSE
	EndGlobalSection
	GlobalSection(ExtensibilityGlobals) = postSolution
		SolutionGuid = {38570941-FD41-4DFF-97BD-690A2C5BB830}
	EndGlobalSection
EndGlobal
